
Microsoft Visual Studio Solution File, Format Version 12.00
# Visual Studio Version 17
VisualStudioVersion = 17.5.002.0
MinimumVisualStudioVersion = 10.0.40219.1
Project("{9A19103F-16F7-4668-BE54-9A1E7A4F7556}") = "ApiTodo", "ApiTodo\ApiTodo.csproj", "{EDACE6D4-C7C7-43DD-9E32-E11527579D6F}"
EndProject
Global
	GlobalSection(SolutionConfigurationPlatforms) = preSolution
		Debug|Any CPU = Debug|Any CPU
		Release|Any CPU = Release|Any CPU
	EndGlobalSection
	GlobalSection(ProjectConfigurationPlatforms) = postSolution
		{EDACE6D4-C7C7-43DD-9E32-E11527579D6F}.Debug|Any CPU.ActiveCfg = Debug|Any CPU
		{EDACE6D4-C7C7-43DD-9E32-E11527579D6F}.Debug|Any CPU.Build.0 = Debug|Any CPU
		{EDACE6D4-C7C7-43DD-9E32-E11527579D6F}.Release|Any CPU.ActiveCfg = Release|Any CPU
		{EDACE6D4-C7C7-43DD-9E32-E11527579D6F}.Release|Any CPU.Build.0 = Release|Any CPU
	EndGlobalSection
	GlobalSection(SolutionProperties) = preSolution
		HideSolutionNode = FALSE
	EndGlobalSection
	GlobalSection(ExtensibilityGlobals) = postSolution
		SolutionGuid = {1F7DBCCB-1409-4AB8-B632-0CE2F919AB32}
	EndGlobalSection
EndGlobal
